
Microsoft Visual Studio Solution File, Format Version 12.00
# Visual Studio Version 17
VisualStudioVersion = 17.14.36301.6 d17.14
MinimumVisualStudioVersion = 10.0.40219.1
Project("{FAE04EC0-301F-11D3-BF4B-00C04F79EFBC}") = "FishingFloatAlertSharp", "FishingFloatAlertSharp.csproj", "{76C1ACD0-E0BD-4CB7-8A35-D79407DA8DAC}"
EndProject
Global
	GlobalSection(SolutionConfigurationPlatforms) = preSolution
		Debug|Any CPU = Debug|Any CPU
		Release|Any CPU = Release|Any CPU
	EndGlobalSection
	GlobalSection(ProjectConfigurationPlatforms) = postSolution
		{76C1ACD0-E0BD-4CB7-8A35-D79407DA8DAC}.Debug|Any CPU.ActiveCfg = Debug|Any CPU
		{76C1ACD0-E0BD-4CB7-8A35-D79407DA8DAC}.Debug|Any CPU.Build.0 = Debug|Any CPU
		{76C1ACD0-E0BD-4CB7-8A35-D79407DA8DAC}.Release|Any CPU.ActiveCfg = Release|Any CPU
		{76C1ACD0-E0BD-4CB7-8A35-D79407DA8DAC}.Release|Any CPU.Build.0 = Release|Any CPU
	EndGlobalSection
	GlobalSection(SolutionProperties) = preSolution
		HideSolutionNode = FALSE
	EndGlobalSection
	GlobalSection(ExtensibilityGlobals) = postSolution
		SolutionGuid = {CAD78EFE-03B9-402A-8365-00F1AE0F585A}
	EndGlobalSection
EndGlobal
